// !$*UTF8*$!
{
	archiveVersion = 1;
	classes = {
	};
	objectVersion = 50;
	objects = {

/* Begin PBXBuildFile section */
		905DBF22210C2F5000D09926 /* AppDelegate.m in Sources */ = {isa = PBXBuildFile; fileRef = 905DBF21210C2F5000D09926 /* AppDelegate.m */; };
		905DBF25210C2F5000D09926 /* ViewController.m in Sources */ = {isa = PBXBuildFile; fileRef = 905DBF24210C2F5000D09926 /* ViewController.m */; };
		905DBF28210C2F5000D09926 /* Main.storyboard in Resources */ = {isa = PBXBuildFile; fileRef = 905DBF26210C2F5000D09926 /* Main.storyboard */; };
		905DBF2A210C2F5100D09926 /* Assets.xcassets in Resources */ = {isa = PBXBuildFile; fileRef = 905DBF29210C2F5100D09926 /* Assets.xcassets */; };
		905DBF2D210C2F5100D09926 /* LaunchScreen.storyboard in Resources */ = {isa = PBXBuildFile; fileRef = 905DBF2B210C2F5100D09926 /* LaunchScreen.storyboard */; };
		905DBF30210C2F5100D09926 /* main.m in Sources */ = {isa = PBXBuildFile; fileRef = 905DBF2F210C2F5100D09926 /* main.m */; };
		905DBF3A210C2F5200D09926 /* ExperienceCentrTests.m in Sources */ = {isa = PBXBuildFile; fileRef = 905DBF39210C2F5200D09926 /* ExperienceCentrTests.m */; };
/* End PBXBuildFile section */

/* Begin PBXContainerItemProxy section */
		905DBF36210C2F5200D09926 /* PBXContainerItemProxy */ = {
			isa = PBXContainerItemProxy;
			containerPortal = 905DBF15210C2F5000D09926 /* Project object */;
			proxyType = 1;
			remoteGlobalIDString = 905DBF1C210C2F5000D09926;
			remoteInfo = ExperienceCentr;
		};
/* End PBXContainerItemProxy section */

/* Begin PBXFileReference section */
		905DBF1D210C2F5000D09926 /* ExperienceCentr.app */ = {isa = PBXFileReference; explicitFileType = wrapper.application; includeInIndex = 0; path = ExperienceCentr.app; sourceTree = BUILT_PRODUCTS_DIR; };
		905DBF20210C2F5000D09926 /* AppDelegate.h */ = {isa = PBXFileReference; lastKnownFileType = sourcecode.c.h; path = AppDelegate.h; sourceTree = "<group>"; };
		905DBF21210C2F5000D09926 /* AppDelegate.m */ = {isa = PBXFileReference; lastKnownFileType = sourcecode.c.objc; path = AppDelegate.m; sourceTree = "<group>"; };
		905DBF23210C2F5000D09926 /* ViewController.h */ = {isa = PBXFileReference; lastKnownFileType = sourcecode.c.h; path = ViewController.h; sourceTree = "<group>"; };
		905DBF24210C2F5000D09926 /* ViewController.m */ = {isa = PBXFileReference; lastKnownFileType = sourcecode.c.objc; path = ViewController.m; sourceTree = "<group>"; };
		905DBF27210C2F5000D09926 /* Base */ = {isa = PBXFileReference; lastKnownFileType = file.storyboard; name = Base; path = Base.lproj/Main.storyboard; sourceTree = "<group>"; };
		905DBF29210C2F5100D09926 /* Assets.xcassets */ = {isa = PBXFileReference; lastKnownFileType = folder.assetcatalog; path = Assets.xcassets; sourceTree = "<group>"; };
		905DBF2C210C2F5100D09926 /* Base */ = {isa = PBXFileReference; lastKnownFileType = file.storyboard; name = Base; path = Base.lproj/LaunchScreen.storyboard; sourceTree = "<group>"; };
		905DBF2E210C2F5100D09926 /* Info.plist */ = {isa = PBXFileReference; lastKnownFileType = text.plist.xml; path = Info.plist; sourceTree = "<group>"; };
		905DBF2F210C2F5100D09926 /* main.m */ = {isa = PBXFileReference; lastKnownFileType = sourcecode.c.objc; path = main.m; sourceTree = "<group>"; };
		905DBF35210C2F5200D09926 /* ExperienceCentrTests.xctest */ = {isa = PBXFileReference; explicitFileType = wrapper.cfbundle; includeInIndex = 0; path = ExperienceCentrTests.xctest; sourceTree = BUILT_PRODUCTS_DIR; };
		905DBF39210C2F5200D09926 /* ExperienceCentrTests.m */ = {isa = PBXFileReference; lastKnownFileType = sourcecode.c.objc; path = ExperienceCentrTests.m; sourceTree = "<group>"; };
		905DBF3B210C2F5200D09926 /* Info.plist */ = {isa = PBXFileReference; lastKnownFileType = text.plist.xml; path = Info.plist; sourceTree = "<group>"; };
/* End PBXFileReference section */

/* Begin PBXFrameworksBuildPhase section */
		905DBF1A210C2F5000D09926 /* Frameworks */ = {
			isa = PBXFrameworksBuildPhase;
			buildActionMask = 2147483647;
			files = (
			);
			runOnlyForDeploymentPostprocessing = 0;
		};
		905DBF32210C2F5200D09926 /* Frameworks */ = {
			isa = PBXFrameworksBuildPhase;
			buildActionMask = 2147483647;
			files = (
			);
			runOnlyForDeploymentPostprocessing = 0;
		};
/* End PBXFrameworksBuildPhase section */

/* Begin PBXGroup section */
		905DBF14210C2F5000D09926 = {
			isa = PBXGroup;
			children = (
				905DBF1F210C2F5000D09926 /* ExperienceCentr */,
				905DBF38210C2F5200D09926 /* ExperienceCentrTests */,
				905DBF1E210C2F5000D09926 /* Products */,
			);
			sourceTree = "<group>";
		};
		905DBF1E210C2F5000D09926 /* Products */ = {
			isa = PBXGroup;
			children = (
				905DBF1D210C2F5000D09926 /* ExperienceCentr.app */,
				905DBF35210C2F5200D09926 /* ExperienceCentrTests.xctest */,
			);
			name = Products;
			sourceTree = "<group>";
		};
		905DBF1F210C2F5000D09926 /* ExperienceCentr */ = {
			isa = PBXGroup;
			children = (
				905DBF20210C2F5000D09926 /* AppDelegate.h */,
				905DBF21210C2F5000D09926 /* AppDelegate.m */,
				905DBF23210C2F5000D09926 /* ViewController.h */,
				905DBF24210C2F5000D09926 /* ViewController.m */,
				905DBF26210C2F5000D09926 /* Main.storyboard */,
				905DBF29210C2F5100D09926 /* Assets.xcassets */,
				905DBF2B210C2F5100D09926 /* LaunchScreen.storyboard */,
				905DBF2E210C2F5100D09926 /* Info.plist */,
				905DBF2F210C2F5100D09926 /* main.m */,
			);
			path = ExperienceCentr;
			sourceTree = "<group>";
		};
		905DBF38210C2F5200D09926 /* ExperienceCentrTests */ = {
			isa = PBXGroup;
			children = (
				905DBF39210C2F5200D09926 /* ExperienceCentrTests.m */,
				905DBF3B210C2F5200D09926 /* Info.plist */,
			);
			path = ExperienceCentrTests;
			sourceTree = "<group>";
		};
/* End PBXGroup section */

/* Begin PBXNativeTarget section */
		905DBF1C210C2F5000D09926 /* ExperienceCentr */ = {
			isa = PBXNativeTarget;
			buildConfigurationList = 905DBF3E210C2F5200D09926 /* Build configuration list for PBXNativeTarget "ExperienceCentr" */;
			buildPhases = (
				905DBF19210C2F5000D09926 /* Sources */,
				905DBF1A210C2F5000D09926 /* Frameworks */,
				905DBF1B210C2F5000D09926 /* Resources */,
			);
			buildRules = (
			);
			dependencies = (
			);
			name = ExperienceCentr;
			productName = ExperienceCentr;
			productReference = 905DBF1D210C2F5000D09926 /* ExperienceCentr.app */;
			productType = "com.apple.product-type.application";
		};
		905DBF34210C2F5200D09926 /* ExperienceCentrTests */ = {
			isa = PBXNativeTarget;
			buildConfigurationList = 905DBF41210C2F5200D09926 /* Build configuration list for PBXNativeTarget "ExperienceCentrTests" */;
			buildPhases = (
				905DBF31210C2F5200D09926 /* Sources */,
				905DBF32210C2F5200D09926 /* Frameworks */,
				905DBF33210C2F5200D09926 /* Resources */,
			);
			buildRules = (
			);
			dependencies = (
				905DBF37210C2F5200D09926 /* PBXTargetDependency */,
			);
			name = ExperienceCentrTests;
			productName = ExperienceCentrTests;
			productReference = 905DBF35210C2F5200D09926 /* ExperienceCentrTests.xctest */;
			productType = "com.apple.product-type.bundle.unit-test";
		};
/* End PBXNativeTarget section */

/* Begin PBXProject section */
		905DBF15210C2F5000D09926 /* Project object */ = {
			isa = PBXProject;
			attributes = {
				LastUpgradeCheck = 0940;
				ORGANIZATIONNAME = "JH_同城小鸟";
				TargetAttributes = {
					905DBF1C210C2F5000D09926 = {
						CreatedOnToolsVersion = 9.4.1;
					};
					905DBF34210C2F5200D09926 = {
						CreatedOnToolsVersion = 9.4.1;
						TestTargetID = 905DBF1C210C2F5000D09926;
					};
				};
			};
			buildConfigurationList = 905DBF18210C2F5000D09926 /* Build configuration list for PBXProject "ExperienceCentr" */;
			compatibilityVersion = "Xcode 9.3";
			developmentRegion = en;
			hasScannedForEncodings = 0;
			knownRegions = (
				en,
				Base,
			);
			mainGroup = 905DBF14210C2F5000D09926;
			productRefGroup = 905DBF1E210C2F5000D09926 /* Products */;
			projectDirPath = "";
			projectRoot = "";
			targets = (
				905DBF1C210C2F5000D09926 /* ExperienceCentr */,
				905DBF34210C2F5200D09926 /* ExperienceCentrTests */,
			);
		};
/* End PBXProject section */

/* Begin PBXResourcesBuildPhase section */
		905DBF1B210C2F5000D09926 /* Resources */ = {
			isa = PBXResourcesBuildPhase;
			buildActionMask = 2147483647;
			files = (
				905DBF2D210C2F5100D09926 /* LaunchScreen.storyboard in Resources */,
				905DBF2A210C2F5100D09926 /* Assets.xcassets in Resources */,
				905DBF28210C2F5000D09926 /* Main.storyboard in Resources */,
			);
			runOnlyForDeploymentPostprocessing = 0;
		};
		905DBF33210C2F5200D09926 /* Resources */ = {
			isa = PBXResourcesBuildPhase;
			buildActionMask = 2147483647;
			files = (
			);
			runOnlyForDeploymentPostprocessing = 0;
		};
/* End PBXResourcesBuildPhase section */

/* Begin PBXSourcesBuildPhase section */
		905DBF19210C2F5000D09926 /* Sources */ = {
			isa = PBXSourcesBuildPhase;
			buildActionMask = 2147483647;
			files = (
				905DBF25210C2F5000D09926 /* ViewController.m in Sources */,
				905DBF30210C2F5100D09926 /* main.m in Sources */,
				905DBF22210C2F5000D09926 /* AppDelegate.m in Sources */,
			);
			runOnlyForDeploymentPostprocessing = 0;
		};
		905DBF31210C2F5200D09926 /* Sources */ = {
			isa = PBXSourcesBuildPhase;
			buildActionMask = 2147483647;
			files = (
				905DBF3A210C2F5200D09926 /* ExperienceCentrTests.m in Sources */,
			);
			runOnlyForDeploymentPostprocessing = 0;
		};
/* End PBXSourcesBuildPhase section */

/* Begin PBXTargetDependency section */
		905DBF37210C2F5200D09926 /* PBXTargetDependency */ = {
			isa = PBXTargetDependency;
			target = 905DBF1C210C2F5000D09926 /* ExperienceCentr */;
			targetProxy = 905DBF36210C2F5200D09926 /* PBXContainerItemProxy */;
		};
/* End PBXTargetDependency section */

/* Begin PBXVariantGroup section */
		905DBF26210C2F5000D09926 /* Main.storyboard */ = {
			isa = PBXVariantGroup;
			children = (
				905DBF27210C2F5000D09926 /* Base */,
			);
			name = Main.storyboard;
			sourceTree = "<group>";
		};
		905DBF2B210C2F5100D09926 /* LaunchScreen.storyboard */ = {
			isa = PBXVariantGroup;
			children = (
				905DBF2C210C2F5100D09926 /* Base */,
			);
			name = LaunchScreen.storyboard;
			sourceTree = "<group>";
		};
/* End PBXVariantGroup section */

/* Begin XCBuildConfiguration section */
		905DBF3C210C2F5200D09926 /* Debug */ = {
			isa = XCBuildConfiguration;
			buildSettings = {
				ALWAYS_SEARCH_USER_PATHS = NO;
				CLANG_ANALYZER_NONNULL = YES;
				CLANG_ANALYZER_NUMBER_OBJECT_CONVERSION = YES_AGGRESSIVE;
				CLANG_CXX_LANGUAGE_STANDARD = "gnu++14";
				CLANG_CXX_LIBRARY = "libc++";
				CLANG_ENABLE_MODULES = YES;
				CLANG_ENABLE_OBJC_ARC = YES;
				CLANG_ENABLE_OBJC_WEAK = YES;
				CLANG_WARN_BLOCK_CAPTURE_AUTORELEASING = YES;
				CLANG_WARN_BOOL_CONVERSION = YES;
				CLANG_WARN_COMMA = YES;
				CLANG_WARN_CONSTANT_CONVERSION = YES;
				CLANG_WARN_DEPRECATED_OBJC_IMPLEMENTATIONS = YES;
				CLANG_WARN_DIRECT_OBJC_ISA_USAGE = YES_ERROR;
				CLANG_WARN_DOCUMENTATION_COMMENTS = YES;
				CLANG_WARN_EMPTY_BODY = YES;
				CLANG_WARN_ENUM_CONVERSION = YES;
				CLANG_WARN_INFINITE_RECURSION = YES;
				CLANG_WARN_INT_CONVERSION = YES;
				CLANG_WARN_NON_LITERAL_NULL_CONVERSION = YES;
				CLANG_WARN_OBJC_IMPLICIT_RETAIN_SELF = YES;
				CLANG_WARN_OBJC_LITERAL_CONVERSION = YES;
				CLANG_WARN_OBJC_ROOT_CLASS = YES_ERROR;
				CLANG_WARN_RANGE_LOOP_ANALYSIS = YES;
				CLANG_WARN_STRICT_PROTOTYPES = YES;
				CLANG_WARN_SUSPICIOUS_MOVE = YES;
				CLANG_WARN_UNGUARDED_AVAILABILITY = YES_AGGRESSIVE;
				CLANG_WARN_UNREACHABLE_CODE = YES;
				CLANG_WARN__DUPLICATE_METHOD_MATCH = YES;
				CODE_SIGN_IDENTITY = "iPhone Developer";
				COPY_PHASE_STRIP = NO;
				DEBUG_INFORMATION_FORMAT = dwarf;
				ENABLE_STRICT_OBJC_MSGSEND = YES;
				ENABLE_TESTABILITY = YES;
				GCC_C_LANGUAGE_STANDARD = gnu11;
				GCC_DYNAMIC_NO_PIC = NO;
				GCC_NO_COMMON_BLOCKS = YES;
				GCC_OPTIMIZATION_LEVEL = 0;
				GCC_PREPROCESSOR_DEFINITIONS = (
					"DEBUG=1",
					"$(inherited)",
				);
				GCC_WARN_64_TO_32_BIT_CONVERSION = YES;
				GCC_WARN_ABOUT_RETURN_TYPE = YES_ERROR;
				GCC_WARN_UNDECLARED_SELECTOR = YES;
				GCC_WARN_UNINITIALIZED_AUTOS = YES_AGGRESSIVE;
				GCC_WARN_UNUSED_FUNCTION = YES;
				GCC_WARN_UNUSED_VARIABLE = YES;
				IPHONEOS_DEPLOYMENT_TARGET = 11.4;
				MTL_ENABLE_DEBUG_INFO = YES;
				ONLY_ACTIVE_ARCH = YES;
				SDKROOT = iphoneos;
			};
			name = Debug;
		};
		905DBF3D210C2F5200D09926 /* Release */ = {
			isa = XCBuildConfiguration;
			buildSettings = {
				ALWAYS_SEARCH_USER_PATHS = NO;
				CLANG_ANALYZER_NONNULL = YES;
				CLANG_ANALYZER_NUMBER_OBJECT_CONVERSION = YES_AGGRESSIVE;
				CLANG_CXX_LANGUAGE_STANDARD = "gnu++14";
				CLANG_CXX_LIBRARY = "libc++";
				CLANG_ENABLE_MODULES = YES;
				CLANG_ENABLE_OBJC_ARC = YES;
				CLANG_ENABLE_OBJC_WEAK = YES;
				CLANG_WARN_BLOCK_CAPTURE_AUTORELEASING = YES;
				CLANG_WARN_BOOL_CONVERSION = YES;
				CLANG_WARN_COMMA = YES;
				CLANG_WARN_CONSTANT_CONVERSION = YES;
				CLANG_WARN_DEPRECATED_OBJC_IMPLEMENTATIONS = YES;
				CLANG_WARN_DIRECT_OBJC_ISA_USAGE = YES_ERROR;
				CLANG_WARN_DOCUMENTATION_COMMENTS = YES;
				CLANG_WARN_EMPTY_BODY = YES;
				CLANG_WARN_ENUM_CONVERSION = YES;
				CLANG_WARN_INFINITE_RECURSION = YES;
				CLANG_WARN_INT_CONVERSION = YES;
				CLANG_WARN_NON_LITERAL_NULL_CONVERSION = YES;
				CLANG_WARN_OBJC_IMPLICIT_RETAIN_SELF = YES;
				CLANG_WARN_OBJC_LITERAL_CONVERSION = YES;
				CLANG_WARN_OBJC_ROOT_CLASS = YES_ERROR;
				CLANG_WARN_RANGE_LOOP_ANALYSIS = YES;
				CLANG_WARN_STRICT_PROTOTYPES = YES;
				CLANG_WARN_SUSPICIOUS_MOVE = YES;
				CLANG_WARN_UNGUARDED_AVAILABILITY = YES_AGGRESSIVE;
				CLANG_WARN_UNREACHABLE_CODE = YES;
				CLANG_WARN__DUPLICATE_METHOD_MATCH = YES;
				CODE_SIGN_IDENTITY = "iPhone Developer";
				COPY_PHASE_STRIP = NO;
				DEBUG_INFORMATION_FORMAT = "dwarf-with-dsym";
				ENABLE_NS_ASSERTIONS = NO;
				ENABLE_STRICT_OBJC_MSGSEND = YES;
				GCC_C_LANGUAGE_STANDARD = gnu11;
				GCC_NO_COMMON_BLOCKS = YES;
				GCC_WARN_64_TO_32_BIT_CONVERSION = YES;
				GCC_WARN_ABOUT_RETURN_TYPE = YES_ERROR;
				GCC_WARN_UNDECLARED_SELECTOR = YES;
				GCC_WARN_UNINITIALIZED_AUTOS = YES_AGGRESSIVE;
				GCC_WARN_UNUSED_FUNCTION = YES;
				GCC_WARN_UNUSED_VARIABLE = YES;
				IPHONEOS_DEPLOYMENT_TARGET = 11.4;
				MTL_ENABLE_DEBUG_INFO = NO;
				SDKROOT = iphoneos;
				VALIDATE_PRODUCT = YES;
			};
			name = Release;
		};
		905DBF3F210C2F5200D09926 /* Debug */ = {
			isa = XCBuildConfiguration;
			buildSettings = {
				ASSETCATALOG_COMPILER_APPICON_NAME = AppIcon;
				CODE_SIGN_STYLE = Automatic;
				INFOPLIST_FILE = ExperienceCentr/Info.plist;
				LD_RUNPATH_SEARCH_PATHS = (
					"$(inherited)",
					"@executable_path/Frameworks",
				);
				PRODUCT_BUNDLE_IDENTIFIER = com.xiaoniao.ExperienceCentr;
				PRODUCT_NAME = "$(TARGET_NAME)";
				TARGETED_DEVICE_FAMILY = "1,2";
			};
			name = Debug;
		};
		905DBF40210C2F5200D09926 /* Release */ = {
			isa = XCBuildConfiguration;
			buildSettings = {
				ASSETCATALOG_COMPILER_APPICON_NAME = AppIcon;
				CODE_SIGN_STYLE = Automatic;
				INFOPLIST_FILE = ExperienceCentr/Info.plist;
				LD_RUNPATH_SEARCH_PATHS = (
					"$(inherited)",
					"@executable_path/Frameworks",
				);
				PRODUCT_BUNDLE_IDENTIFIER = com.xiaoniao.ExperienceCentr;
				PRODUCT_NAME = "$(TARGET_NAME)";
				TARGETED_DEVICE_FAMILY = "1,2";
			};
			name = Release;
		};
		905DBF42210C2F5200D09926 /* Debug */ = {
			isa = XCBuildConfiguration;
			buildSettings = {
				BUNDLE_LOADER = "$(TEST_HOST)";
				CODE_SIGN_STYLE = Automatic;
				INFOPLIST_FILE = ExperienceCentrTests/Info.plist;
				LD_RUNPATH_SEARCH_PATHS = (
					"$(inherited)",
					"@executable_path/Frameworks",
					"@loader_path/Frameworks",
				);
				PRODUCT_BUNDLE_IDENTIFIER = com.xiaoniao.ExperienceCentrTests;
				PRODUCT_NAME = "$(TARGET_NAME)";
				TARGETED_DEVICE_FAMILY = "1,2";
				TEST_HOST = "$(BUILT_PRODUCTS_DIR)/ExperienceCentr.app/ExperienceCentr";
			};
			name = Debug;
		};
		905DBF43210C2F5200D09926 /* Release */ = {
			isa = XCBuildConfiguration;
			buildSettings = {
				BUNDLE_LOADER = "$(TEST_HOST)";
				CODE_SIGN_STYLE = Automatic;
				INFOPLIST_FILE = ExperienceCentrTests/Info.plist;
				LD_RUNPATH_SEARCH_PATHS = (
					"$(inherited)",
					"@executable_path/Frameworks",
					"@loader_path/Frameworks",
				);
				PRODUCT_BUNDLE_IDENTIFIER = com.xiaoniao.ExperienceCentrTests;
				PRODUCT_NAME = "$(TARGET_NAME)";
				TARGETED_DEVICE_FAMILY = "1,2";
				TEST_HOST = "$(BUILT_PRODUCTS_DIR)/ExperienceCentr.app/ExperienceCentr";
			};
			name = Release;
		};
/* End XCBuildConfiguration section */

/* Begin XCConfigurationList section */
		905DBF18210C2F5000D09926 /* Build configuration list for PBXProject "ExperienceCentr" */ = {
			isa = XCConfigurationList;
			buildConfigurations = (
				905DBF3C210C2F5200D09926 /* Debug */,
				905DBF3D210C2F5200D09926 /* Release */,
			);
			defaultConfigurationIsVisible = 0;
			defaultConfigurationName = Release;
		};
		905DBF3E210C2F5200D09926 /* Build configuration list for PBXNativeTarget "ExperienceCentr" */ = {
			isa = XCConfigurationList;
			buildConfigurations = (
				905DBF3F210C2F5200D09926 /* Debug */,
				905DBF40210C2F5200D09926 /* Release */,
			);
			defaultConfigurationIsVisible = 0;
			defaultConfigurationName = Release;
		};
		905DBF41210C2F5200D09926 /* Build configuration list for PBXNativeTarget "ExperienceCentrTests" */ = {
			isa = XCConfigurationList;
			buildConfigurations = (
				905DBF42210C2F5200D09926 /* Debug */,
				905DBF43210C2F5200D09926 /* Release */,
			);
			defaultConfigurationIsVisible = 0;
			defaultConfigurationName = Release;
		};
/* End XCConfigurationList section */
	};
	rootObject = 905DBF15210C2F5000D09926 /* Project object */;
}
